
Microsoft Visual Studio Solution File, Format Version 12.00
# Visual Studio 2013
VisualStudioVersion = 12.0.31101.0
MinimumVisualStudioVersion = 10.0.40219.1
Project("{FAE04EC0-301F-11D3-BF4B-00C04F79EFBC}") = "Server_Data", "Server_Data\Server_Data.csproj", "{9294527C-F319-4E30-A41C-8FD45607EBE3}"
EndProject
Project("{FAE04EC0-301F-11D3-BF4B-00C04F79EFBC}") = "Contextsec_Server_UnitTest", "Contextsec_Server_UnitTest\Contextsec_Server_UnitTest.csproj", "{35278E59-194F-4D3B-B47F-0C00DC1E62EA}"
EndProject
Project("{FAE04EC0-301F-11D3-BF4B-00C04F79EFBC}") = "Server_Admin", "Server_Admin\Server_Admin.csproj", "{F099D015-3BCA-4E92-8E2B-600EDD8D0C65}"
EndProject
Project("{FAE04EC0-301F-11D3-BF4B-00C04F79EFBC}") = "Server_WebAPI", "Server_WebAPI\Server_WebAPI.csproj", "{6A52B228-0516-4AA9-8C39-2C58880386CE}"
EndProject
Global
	GlobalSection(SolutionConfigurationPlatforms) = preSolution
		Debug|Any CPU = Debug|Any CPU
		Release|Any CPU = Release|Any CPU
	EndGlobalSection
	GlobalSection(ProjectConfigurationPlatforms) = postSolution
		{9294527C-F319-4E30-A41C-8FD45607EBE3}.Debug|Any CPU.ActiveCfg = Debug|Any CPU
		{9294527C-F319-4E30-A41C-8FD45607EBE3}.Debug|Any CPU.Build.0 = Debug|Any CPU
		{9294527C-F319-4E30-A41C-8FD45607EBE3}.Release|Any CPU.ActiveCfg = Release|Any CPU
		{9294527C-F319-4E30-A41C-8FD45607EBE3}.Release|Any CPU.Build.0 = Release|Any CPU
		{35278E59-194F-4D3B-B47F-0C00DC1E62EA}.Debug|Any CPU.ActiveCfg = Debug|Any CPU
		{35278E59-194F-4D3B-B47F-0C00DC1E62EA}.Debug|Any CPU.Build.0 = Debug|Any CPU
		{35278E59-194F-4D3B-B47F-0C00DC1E62EA}.Release|Any CPU.ActiveCfg = Release|Any CPU
		{35278E59-194F-4D3B-B47F-0C00DC1E62EA}.Release|Any CPU.Build.0 = Release|Any CPU
		{F099D015-3BCA-4E92-8E2B-600EDD8D0C65}.Debug|Any CPU.ActiveCfg = Debug|Any CPU
		{F099D015-3BCA-4E92-8E2B-600EDD8D0C65}.Debug|Any CPU.Build.0 = Debug|Any CPU
		{F099D015-3BCA-4E92-8E2B-600EDD8D0C65}.Release|Any CPU.ActiveCfg = Release|Any CPU
		{F099D015-3BCA-4E92-8E2B-600EDD8D0C65}.Release|Any CPU.Build.0 = Release|Any CPU
		{6A52B228-0516-4AA9-8C39-2C58880386CE}.Debug|Any CPU.ActiveCfg = Debug|Any CPU
		{6A52B228-0516-4AA9-8C39-2C58880386CE}.Debug|Any CPU.Build.0 = Debug|Any CPU
		{6A52B228-0516-4AA9-8C39-2C58880386CE}.Release|Any CPU.ActiveCfg = Release|Any CPU
		{6A52B228-0516-4AA9-8C39-2C58880386CE}.Release|Any CPU.Build.0 = Release|Any CPU
	EndGlobalSection
	GlobalSection(SolutionProperties) = preSolution
		HideSolutionNode = FALSE
	EndGlobalSection
EndGlobal
